
Microsoft Visual Studio Solution File, Format Version 12.00
# Visual Studio 14
VisualStudioVersion = 14.0.25420.1
MinimumVisualStudioVersion = 10.0.40219.1
Project("{FAE04EC0-301F-11D3-BF4B-00C04F79EFBC}") = "porsche_test_4", "porsche_test_4\porsche_test_4\porsche_test_4.csproj", "{7E94B42B-735D-478E-91C0-E2C97E9A3BFB}"
EndProject
Project("{FAE04EC0-301F-11D3-BF4B-00C04F79EFBC}") = "porsche_test_4.Droid", "porsche_test_4\porsche_test_4.Droid\porsche_test_4.Droid.csproj", "{648C0BDA-63AC-4533-9035-8ACED6ABF025}"
EndProject
Project("{FAE04EC0-301F-11D3-BF4B-00C04F79EFBC}") = "porsche_test_4.iOS", "porsche_test_4\porsche_test_4.iOS\porsche_test_4.iOS.csproj", "{80FAE797-EA0F-47AD-B696-2AC1D0E1C907}"
EndProject
Project("{FAE04EC0-301F-11D3-BF4B-00C04F79EFBC}") = "porsche_test_4.WinPhone", "porsche_test_4\porsche_test_4.WinPhone\porsche_test_4.WinPhone.csproj", "{C4131FE5-69DC-42A3-A80D-90959C52513D}"
EndProject
Project("{FAE04EC0-301F-11D3-BF4B-00C04F79EFBC}") = "porsche_test_4.Windows", "porsche_test_4\porsche_test_4.Windows\porsche_test_4.Windows.csproj", "{969BA182-4DF1-4DE3-BCEE-0CD974CFF9B4}"
EndProject
Global
	GlobalSection(SolutionConfigurationPlatforms) = preSolution
		Ad-Hoc|Any CPU = Ad-Hoc|Any CPU
		Ad-Hoc|ARM = Ad-Hoc|ARM
		Ad-Hoc|iPhone = Ad-Hoc|iPhone
		Ad-Hoc|iPhoneSimulator = Ad-Hoc|iPhoneSimulator
		Ad-Hoc|x64 = Ad-Hoc|x64
		Ad-Hoc|x86 = Ad-Hoc|x86
		AppStore|Any CPU = AppStore|Any CPU
		AppStore|ARM = AppStore|ARM
		AppStore|iPhone = AppStore|iPhone
		AppStore|iPhoneSimulator = AppStore|iPhoneSimulator
		AppStore|x64 = AppStore|x64
		AppStore|x86 = AppStore|x86
		Debug|Any CPU = Debug|Any CPU
		Debug|ARM = Debug|ARM
		Debug|iPhone = Debug|iPhone
		Debug|iPhoneSimulator = Debug|iPhoneSimulator
		Debug|x64 = Debug|x64
		Debug|x86 = Debug|x86
		Release|Any CPU = Release|Any CPU
		Release|ARM = Release|ARM
		Release|iPhone = Release|iPhone
		Release|iPhoneSimulator = Release|iPhoneSimulator
		Release|x64 = Release|x64
		Release|x86 = Release|x86
	EndGlobalSection
	GlobalSection(ProjectConfigurationPlatforms) = postSolution
		{7E94B42B-735D-478E-91C0-E2C97E9A3BFB}.Ad-Hoc|Any CPU.ActiveCfg = Release|Any CPU
		{7E94B42B-735D-478E-91C0-E2C97E9A3BFB}.Ad-Hoc|Any CPU.Build.0 = Release|Any CPU
		{7E94B42B-735D-478E-91C0-E2C97E9A3BFB}.Ad-Hoc|ARM.ActiveCfg = Release|Any CPU
		{7E94B42B-735D-478E-91C0-E2C97E9A3BFB}.Ad-Hoc|ARM.Build.0 = Release|Any CPU
		{7E94B42B-735D-478E-91C0-E2C97E9A3BFB}.Ad-Hoc|iPhone.ActiveCfg = Release|Any CPU
		{7E94B42B-735D-478E-91C0-E2C97E9A3BFB}.Ad-Hoc|iPhone.Build.0 = Release|Any CPU
		{7E94B42B-735D-478E-91C0-E2C97E9A3BFB}.Ad-Hoc|iPhoneSimulator.ActiveCfg = Release|Any CPU
		{7E94B42B-735D-478E-91C0-E2C97E9A3BFB}.Ad-Hoc|iPhoneSimulator.Build.0 = Release|Any CPU
		{7E94B42B-735D-478E-91C0-E2C97E9A3BFB}.Ad-Hoc|x64.ActiveCfg = Release|Any CPU
		{7E94B42B-735D-478E-91C0-E2C97E9A3BFB}.Ad-Hoc|x64.Build.0 = Release|Any CPU
		{7E94B42B-735D-478E-91C0-E2C97E9A3BFB}.Ad-Hoc|x86.ActiveCfg = Release|Any CPU
		{7E94B42B-735D-478E-91C0-E2C97E9A3BFB}.Ad-Hoc|x86.Build.0 = Release|Any CPU
		{7E94B42B-735D-478E-91C0-E2C97E9A3BFB}.AppStore|Any CPU.ActiveCfg = Release|Any CPU
		{7E94B42B-735D-478E-91C0-E2C97E9A3BFB}.AppStore|Any CPU.Build.0 = Release|Any CPU
		{7E94B42B-735D-478E-91C0-E2C97E9A3BFB}.AppStore|ARM.ActiveCfg = Release|Any CPU
		{7E94B42B-735D-478E-91C0-E2C97E9A3BFB}.AppStore|ARM.Build.0 = Release|Any CPU
		{7E94B42B-735D-478E-91C0-E2C97E9A3BFB}.AppStore|iPhone.ActiveCfg = Release|Any CPU
		{7E94B42B-735D-478E-91C0-E2C97E9A3BFB}.AppStore|iPhone.Build.0 = Release|Any CPU
		{7E94B42B-735D-478E-91C0-E2C97E9A3BFB}.AppStore|iPhoneSimulator.ActiveCfg = Release|Any CPU
		{7E94B42B-735D-478E-91C0-E2C97E9A3BFB}.AppStore|iPhoneSimulator.Build.0 = Release|Any CPU
		{7E94B42B-735D-478E-91C0-E2C97E9A3BFB}.AppStore|x64.ActiveCfg = Release|Any CPU
		{7E94B42B-735D-478E-91C0-E2C97E9A3BFB}.AppStore|x64.Build.0 = Release|Any CPU
		{7E94B42B-735D-478E-91C0-E2C97E9A3BFB}.AppStore|x86.ActiveCfg = Release|Any CPU
		{7E94B42B-735D-478E-91C0-E2C97E9A3BFB}.AppStore|x86.Build.0 = Release|Any CPU
		{7E94B42B-735D-478E-91C0-E2C97E9A3BFB}.Debug|Any CPU.ActiveCfg = Debug|Any CPU
		{7E94B42B-735D-478E-91C0-E2C97E9A3BFB}.Debug|Any CPU.Build.0 = Debug|Any CPU
		{7E94B42B-735D-478E-91C0-E2C97E9A3BFB}.Debug|ARM.ActiveCfg = Debug|Any CPU
		{7E94B42B-735D-478E-91C0-E2C97E9A3BFB}.Debug|ARM.Build.0 = Debug|Any CPU
		{7E94B42B-735D-478E-91C0-E2C97E9A3BFB}.Debug|iPhone.ActiveCfg = Debug|Any CPU
		{7E94B42B-735D-478E-91C0-E2C97E9A3BFB}.Debug|iPhone.Build.0 = Debug|Any CPU
		{7E94B42B-735D-478E-91C0-E2C97E9A3BFB}.Debug|iPhoneSimulator.ActiveCfg = Debug|Any CPU
		{7E94B42B-735D-478E-91C0-E2C97E9A3BFB}.Debug|iPhoneSimulator.Build.0 = Debug|Any CPU
		{7E94B42B-735D-478E-91C0-E2C97E9A3BFB}.Debug|x64.ActiveCfg = Debug|Any CPU
		{7E94B42B-735D-478E-91C0-E2C97E9A3BFB}.Debug|x64.Build.0 = Debug|Any CPU
		{7E94B42B-735D-478E-91C0-E2C97E9A3BFB}.Debug|x86.ActiveCfg = Debug|Any CPU
		{7E94B42B-735D-478E-91C0-E2C97E9A3BFB}.Debug|x86.Build.0 = Debug|Any CPU
		{7E94B42B-735D-478E-91C0-E2C97E9A3BFB}.Release|Any CPU.ActiveCfg = Release|Any CPU
		{7E94B42B-735D-478E-91C0-E2C97E9A3BFB}.Release|Any CPU.Build.0 = Release|Any CPU
		{7E94B42B-735D-478E-91C0-E2C97E9A3BFB}.Release|ARM.ActiveCfg = Release|Any CPU
		{7E94B42B-735D-478E-91C0-E2C97E9A3BFB}.Release|ARM.Build.0 = Release|Any CPU
		{7E94B42B-735D-478E-91C0-E2C97E9A3BFB}.Release|iPhone.ActiveCfg = Release|Any CPU
		{7E94B42B-735D-478E-91C0-E2C97E9A3BFB}.Release|iPhone.Build.0 = Release|Any CPU
		{7E94B42B-735D-478E-91C0-E2C97E9A3BFB}.Release|iPhoneSimulator.ActiveCfg = Release|Any CPU
		{7E94B42B-735D-478E-91C0-E2C97E9A3BFB}.Release|iPhoneSimulator.Build.0 = Release|Any CPU
		{7E94B42B-735D-478E-91C0-E2C97E9A3BFB}.Release|x64.ActiveCfg = Release|Any CPU
		{7E94B42B-735D-478E-91C0-E2C97E9A3BFB}.Release|x64.Build.0 = Release|Any CPU
		{7E94B42B-735D-478E-91C0-E2C97E9A3BFB}.Release|x86.ActiveCfg = Release|Any CPU
		{7E94B42B-735D-478E-91C0-E2C97E9A3BFB}.Release|x86.Build.0 = Release|Any CPU
		{648C0BDA-63AC-4533-9035-8ACED6ABF025}.Ad-Hoc|Any CPU.ActiveCfg = Release|Any CPU
		{648C0BDA-63AC-4533-9035-8ACED6ABF025}.Ad-Hoc|Any CPU.Build.0 = Release|Any CPU
		{648C0BDA-63AC-4533-9035-8ACED6ABF025}.Ad-Hoc|Any CPU.Deploy.0 = Release|Any CPU
		{648C0BDA-63AC-4533-9035-8ACED6ABF025}.Ad-Hoc|ARM.ActiveCfg = Release|Any CPU
		{648C0BDA-63AC-4533-9035-8ACED6ABF025}.Ad-Hoc|ARM.Build.0 = Release|Any CPU
		{648C0BDA-63AC-4533-9035-8ACED6ABF025}.Ad-Hoc|ARM.Deploy.0 = Release|Any CPU
		{648C0BDA-63AC-4533-9035-8ACED6ABF025}.Ad-Hoc|iPhone.ActiveCfg = Release|Any CPU
		{648C0BDA-63AC-4533-9035-8ACED6ABF025}.Ad-Hoc|iPhone.Build.0 = Release|Any CPU
		{648C0BDA-63AC-4533-9035-8ACED6ABF025}.Ad-Hoc|iPhone.Deploy.0 = Release|Any CPU
		{648C0BDA-63AC-4533-9035-8ACED6ABF025}.Ad-Hoc|iPhoneSimulator.ActiveCfg = Release|Any CPU
		{648C0BDA-63AC-4533-9035-8ACED6ABF025}.Ad-Hoc|iPhoneSimulator.Build.0 = Release|Any CPU
		{648C0BDA-63AC-4533-9035-8ACED6ABF025}.Ad-Hoc|iPhoneSimulator.Deploy.0 = Release|Any CPU
		{648C0BDA-63AC-4533-9035-8ACED6ABF025}.Ad-Hoc|x64.ActiveCfg = Release|Any CPU
		{648C0BDA-63AC-4533-9035-8ACED6ABF025}.Ad-Hoc|x64.Build.0 = Release|Any CPU
		{648C0BDA-63AC-4533-9035-8ACED6ABF025}.Ad-Hoc|x64.Deploy.0 = Release|Any CPU
		{648C0BDA-63AC-4533-9035-8ACED6ABF025}.Ad-Hoc|x86.ActiveCfg = Release|Any CPU
		{648C0BDA-63AC-4533-9035-8ACED6ABF025}.Ad-Hoc|x86.Build.0 = Release|Any CPU
		{648C0BDA-63AC-4533-9035-8ACED6ABF025}.Ad-Hoc|x86.Deploy.0 = Release|Any CPU
		{648C0BDA-63AC-4533-9035-8ACED6ABF025}.AppStore|Any CPU.ActiveCfg = Release|Any CPU
		{648C0BDA-63AC-4533-9035-8ACED6ABF025}.AppStore|Any CPU.Build.0 = Release|Any CPU
		{648C0BDA-63AC-4533-9035-8ACED6ABF025}.AppStore|Any CPU.Deploy.0 = Release|Any CPU
		{648C0BDA-63AC-4533-9035-8ACED6ABF025}.AppStore|ARM.ActiveCfg = Release|Any CPU
		{648C0BDA-63AC-4533-9035-8ACED6ABF025}.AppStore|ARM.Build.0 = Release|Any CPU
		{648C0BDA-63AC-4533-9035-8ACED6ABF025}.AppStore|ARM.Deploy.0 = Release|Any CPU
		{648C0BDA-63AC-4533-9035-8ACED6ABF025}.AppStore|iPhone.ActiveCfg = Release|Any CPU
		{648C0BDA-63AC-4533-9035-8ACED6ABF025}.AppStore|iPhone.Build.0 = Release|Any CPU
		{648C0BDA-63AC-4533-9035-8ACED6ABF025}.AppStore|iPhone.Deploy.0 = Release|Any CPU
		{648C0BDA-63AC-4533-9035-8ACED6ABF025}.AppStore|iPhoneSimulator.ActiveCfg = Release|Any CPU
		{648C0BDA-63AC-4533-9035-8ACED6ABF025}.AppStore|iPhoneSimulator.Build.0 = Release|Any CPU
		{648C0BDA-63AC-4533-9035-8ACED6ABF025}.AppStore|iPhoneSimulator.Deploy.0 = Release|Any CPU
		{648C0BDA-63AC-4533-9035-8ACED6ABF025}.AppStore|x64.ActiveCfg = Release|Any CPU
		{648C0BDA-63AC-4533-9035-8ACED6ABF025}.AppStore|x64.Build.0 = Release|Any CPU
		{648C0BDA-63AC-4533-9035-8ACED6ABF025}.AppStore|x64.Deploy.0 = Release|Any CPU
		{648C0BDA-63AC-4533-9035-8ACED6ABF025}.AppStore|x86.ActiveCfg = Release|Any CPU
		{648C0BDA-63AC-4533-9035-8ACED6ABF025}.AppStore|x86.Build.0 = Release|Any CPU
		{648C0BDA-63AC-4533-9035-8ACED6ABF025}.AppStore|x86.Deploy.0 = Release|Any CPU
		{648C0BDA-63AC-4533-9035-8ACED6ABF025}.Debug|Any CPU.ActiveCfg = Debug|Any CPU
		{648C0BDA-63AC-4533-9035-8ACED6ABF025}.Debug|Any CPU.Build.0 = Debug|Any CPU
		{648C0BDA-63AC-4533-9035-8ACED6ABF025}.Debug|Any CPU.Deploy.0 = Debug|Any CPU
		{648C0BDA-63AC-4533-9035-8ACED6ABF025}.Debug|ARM.ActiveCfg = Debug|Any CPU
		{648C0BDA-63AC-4533-9035-8ACED6ABF025}.Debug|ARM.Build.0 = Debug|Any CPU
		{648C0BDA-63AC-4533-9035-8ACED6ABF025}.Debug|ARM.Deploy.0 = Debug|Any CPU
		{648C0BDA-63AC-4533-9035-8ACED6ABF025}.Debug|iPhone.ActiveCfg = Debug|Any CPU
		{648C0BDA-63AC-4533-9035-8ACED6ABF025}.Debug|iPhone.Build.0 = Debug|Any CPU
		{648C0BDA-63AC-4533-9035-8ACED6ABF025}.Debug|iPhone.Deploy.0 = Debug|Any CPU
		{648C0BDA-63AC-4533-9035-8ACED6ABF025}.Debug|iPhoneSimulator.ActiveCfg = Debug|Any CPU
		{648C0BDA-63AC-4533-9035-8ACED6ABF025}.Debug|iPhoneSimulator.Build.0 = Debug|Any CPU
		{648C0BDA-63AC-4533-9035-8ACED6ABF025}.Debug|iPhoneSimulator.Deploy.0 = Debug|Any CPU
		{648C0BDA-63AC-4533-9035-8ACED6ABF025}.Debug|x64.ActiveCfg = Debug|Any CPU
		{648C0BDA-63AC-4533-9035-8ACED6ABF025}.Debug|x64.Build.0 = Debug|Any CPU
		{648C0BDA-63AC-4533-9035-8ACED6ABF025}.Debug|x64.Deploy.0 = Debug|Any CPU
		{648C0BDA-63AC-4533-9035-8ACED6ABF025}.Debug|x86.ActiveCfg = Debug|Any CPU
		{648C0BDA-63AC-4533-9035-8ACED6ABF025}.Debug|x86.Build.0 = Debug|Any CPU
		{648C0BDA-63AC-4533-9035-8ACED6ABF025}.Debug|x86.Deploy.0 = Debug|Any CPU
		{648C0BDA-63AC-4533-9035-8ACED6ABF025}.Release|Any CPU.ActiveCfg = Release|Any CPU
		{648C0BDA-63AC-4533-9035-8ACED6ABF025}.Release|Any CPU.Build.0 = Release|Any CPU
		{648C0BDA-63AC-4533-9035-8ACED6ABF025}.Release|Any CPU.Deploy.0 = Release|Any CPU
		{648C0BDA-63AC-4533-9035-8ACED6ABF025}.Release|ARM.ActiveCfg = Release|Any CPU
		{648C0BDA-63AC-4533-9035-8ACED6ABF025}.Release|ARM.Build.0 = Release|Any CPU
		{648C0BDA-63AC-4533-9035-8ACED6ABF025}.Release|ARM.Deploy.0 = Release|Any CPU
		{648C0BDA-63AC-4533-9035-8ACED6ABF025}.Release|iPhone.ActiveCfg = Release|Any CPU
		{648C0BDA-63AC-4533-9035-8ACED6ABF025}.Release|iPhone.Build.0 = Release|Any CPU
		{648C0BDA-63AC-4533-9035-8ACED6ABF025}.Release|iPhone.Deploy.0 = Release|Any CPU
		{648C0BDA-63AC-4533-9035-8ACED6ABF025}.Release|iPhoneSimulator.ActiveCfg = Release|Any CPU
		{648C0BDA-63AC-4533-9035-8ACED6ABF025}.Release|iPhoneSimulator.Build.0 = Release|Any CPU
		{648C0BDA-63AC-4533-9035-8ACED6ABF025}.Release|iPhoneSimulator.Deploy.0 = Release|Any CPU
		{648C0BDA-63AC-4533-9035-8ACED6ABF025}.Release|x64.ActiveCfg = Release|Any CPU
		{648C0BDA-63AC-4533-9035-8ACED6ABF025}.Release|x64.Build.0 = Release|Any CPU
		{648C0BDA-63AC-4533-9035-8ACED6ABF025}.Release|x64.Deploy.0 = Release|Any CPU
		{648C0BDA-63AC-4533-9035-8ACED6ABF025}.Release|x86.ActiveCfg = Release|Any CPU
		{648C0BDA-63AC-4533-9035-8ACED6ABF025}.Release|x86.Build.0 = Release|Any CPU
		{648C0BDA-63AC-4533-9035-8ACED6ABF025}.Release|x86.Deploy.0 = Release|Any CPU
		{80FAE797-EA0F-47AD-B696-2AC1D0E1C907}.Ad-Hoc|Any CPU.ActiveCfg = Ad-Hoc|iPhone
		{80FAE797-EA0F-47AD-B696-2AC1D0E1C907}.Ad-Hoc|ARM.ActiveCfg = Ad-Hoc|iPhone
		{80FAE797-EA0F-47AD-B696-2AC1D0E1C907}.Ad-Hoc|iPhone.ActiveCfg = Ad-Hoc|iPhone
		{80FAE797-EA0F-47AD-B696-2AC1D0E1C907}.Ad-Hoc|iPhone.Build.0 = Ad-Hoc|iPhone
		{80FAE797-EA0F-47AD-B696-2AC1D0E1C907}.Ad-Hoc|iPhoneSimulator.ActiveCfg = Ad-Hoc|iPhoneSimulator
		{80FAE797-EA0F-47AD-B696-2AC1D0E1C907}.Ad-Hoc|iPhoneSimulator.Build.0 = Ad-Hoc|iPhoneSimulator
		{80FAE797-EA0F-47AD-B696-2AC1D0E1C907}.Ad-Hoc|x64.ActiveCfg = Ad-Hoc|iPhone
		{80FAE797-EA0F-47AD-B696-2AC1D0E1C907}.Ad-Hoc|x86.ActiveCfg = Ad-Hoc|iPhone
		{80FAE797-EA0F-47AD-B696-2AC1D0E1C907}.AppStore|Any CPU.ActiveCfg = AppStore|iPhone
		{80FAE797-EA0F-47AD-B696-2AC1D0E1C907}.AppStore|ARM.ActiveCfg = AppStore|iPhone
		{80FAE797-EA0F-47AD-B696-2AC1D0E1C907}.AppStore|iPhone.ActiveCfg = AppStore|iPhone
		{80FAE797-EA0F-47AD-B696-2AC1D0E1C907}.AppStore|iPhone.Build.0 = AppStore|iPhone
		{80FAE797-EA0F-47AD-B696-2AC1D0E1C907}.AppStore|iPhoneSimulator.ActiveCfg = AppStore|iPhoneSimulator
		{80FAE797-EA0F-47AD-B696-2AC1D0E1C907}.AppStore|iPhoneSimulator.Build.0 = AppStore|iPhoneSimulator
		{80FAE797-EA0F-47AD-B696-2AC1D0E1C907}.AppStore|x64.ActiveCfg = AppStore|iPhone
		{80FAE797-EA0F-47AD-B696-2AC1D0E1C907}.AppStore|x86.ActiveCfg = AppStore|iPhone
		{80FAE797-EA0F-47AD-B696-2AC1D0E1C907}.Debug|Any CPU.ActiveCfg = Debug|iPhone
		{80FAE797-EA0F-47AD-B696-2AC1D0E1C907}.Debug|ARM.ActiveCfg = Debug|iPhone
		{80FAE797-EA0F-47AD-B696-2AC1D0E1C907}.Debug|iPhone.ActiveCfg = Debug|iPhone
		{80FAE797-EA0F-47AD-B696-2AC1D0E1C907}.Debug|iPhone.Build.0 = Debug|iPhone
		{80FAE797-EA0F-47AD-B696-2AC1D0E1C907}.Debug|iPhoneSimulator.ActiveCfg = Debug|iPhoneSimulator
		{80FAE797-EA0F-47AD-B696-2AC1D0E1C907}.Debug|iPhoneSimulator.Build.0 = Debug|iPhoneSimulator
		{80FAE797-EA0F-47AD-B696-2AC1D0E1C907}.Debug|x64.ActiveCfg = Debug|iPhone
		{80FAE797-EA0F-47AD-B696-2AC1D0E1C907}.Debug|x86.ActiveCfg = Debug|iPhone
		{80FAE797-EA0F-47AD-B696-2AC1D0E1C907}.Release|Any CPU.ActiveCfg = Release|iPhone
		{80FAE797-EA0F-47AD-B696-2AC1D0E1C907}.Release|ARM.ActiveCfg = Release|iPhone
		{80FAE797-EA0F-47AD-B696-2AC1D0E1C907}.Release|iPhone.ActiveCfg = Release|iPhone
		{80FAE797-EA0F-47AD-B696-2AC1D0E1C907}.Release|iPhone.Build.0 = Release|iPhone
		{80FAE797-EA0F-47AD-B696-2AC1D0E1C907}.Release|iPhoneSimulator.ActiveCfg = Release|iPhoneSimulator
		{80FAE797-EA0F-47AD-B696-2AC1D0E1C907}.Release|iPhoneSimulator.Build.0 = Release|iPhoneSimulator
		{80FAE797-EA0F-47AD-B696-2AC1D0E1C907}.Release|x64.ActiveCfg = Release|iPhone
		{80FAE797-EA0F-47AD-B696-2AC1D0E1C907}.Release|x86.ActiveCfg = Release|iPhone
		{C4131FE5-69DC-42A3-A80D-90959C52513D}.Ad-Hoc|Any CPU.ActiveCfg = Release|Any CPU
		{C4131FE5-69DC-42A3-A80D-90959C52513D}.Ad-Hoc|Any CPU.Build.0 = Release|Any CPU
		{C4131FE5-69DC-42A3-A80D-90959C52513D}.Ad-Hoc|Any CPU.Deploy.0 = Release|Any CPU
		{C4131FE5-69DC-42A3-A80D-90959C52513D}.Ad-Hoc|ARM.ActiveCfg = Release|ARM
		{C4131FE5-69DC-42A3-A80D-90959C52513D}.Ad-Hoc|ARM.Build.0 = Release|ARM
		{C4131FE5-69DC-42A3-A80D-90959C52513D}.Ad-Hoc|ARM.Deploy.0 = Release|ARM
		{C4131FE5-69DC-42A3-A80D-90959C52513D}.Ad-Hoc|iPhone.ActiveCfg = Release|Any CPU
		{C4131FE5-69DC-42A3-A80D-90959C52513D}.Ad-Hoc|iPhone.Build.0 = Release|Any CPU
		{C4131FE5-69DC-42A3-A80D-90959C52513D}.Ad-Hoc|iPhone.Deploy.0 = Release|Any CPU
		{C4131FE5-69DC-42A3-A80D-90959C52513D}.Ad-Hoc|iPhoneSimulator.ActiveCfg = Release|Any CPU
		{C4131FE5-69DC-42A3-A80D-90959C52513D}.Ad-Hoc|iPhoneSimulator.Build.0 = Release|Any CPU
		{C4131FE5-69DC-42A3-A80D-90959C52513D}.Ad-Hoc|iPhoneSimulator.Deploy.0 = Release|Any CPU
		{C4131FE5-69DC-42A3-A80D-90959C52513D}.Ad-Hoc|x64.ActiveCfg = Release|Any CPU
		{C4131FE5-69DC-42A3-A80D-90959C52513D}.Ad-Hoc|x64.Build.0 = Release|Any CPU
		{C4131FE5-69DC-42A3-A80D-90959C52513D}.Ad-Hoc|x64.Deploy.0 = Release|Any CPU
		{C4131FE5-69DC-42A3-A80D-90959C52513D}.Ad-Hoc|x86.ActiveCfg = Release|x86
		{C4131FE5-69DC-42A3-A80D-90959C52513D}.Ad-Hoc|x86.Build.0 = Release|x86
		{C4131FE5-69DC-42A3-A80D-90959C52513D}.Ad-Hoc|x86.Deploy.0 = Release|x86
		{C4131FE5-69DC-42A3-A80D-90959C52513D}.AppStore|Any CPU.ActiveCfg = Release|Any CPU
		{C4131FE5-69DC-42A3-A80D-90959C52513D}.AppStore|Any CPU.Build.0 = Release|Any CPU
		{C4131FE5-69DC-42A3-A80D-90959C52513D}.AppStore|Any CPU.Deploy.0 = Release|Any CPU
		{C4131FE5-69DC-42A3-A80D-90959C52513D}.AppStore|ARM.ActiveCfg = Release|ARM
		{C4131FE5-69DC-42A3-A80D-90959C52513D}.AppStore|ARM.Build.0 = Release|ARM
		{C4131FE5-69DC-42A3-A80D-90959C52513D}.AppStore|ARM.Deploy.0 = Release|ARM
		{C4131FE5-69DC-42A3-A80D-90959C52513D}.AppStore|iPhone.ActiveCfg = Release|Any CPU
		{C4131FE5-69DC-42A3-A80D-90959C52513D}.AppStore|iPhone.Build.0 = Release|Any CPU
		{C4131FE5-69DC-42A3-A80D-90959C52513D}.AppStore|iPhone.Deploy.0 = Release|Any CPU
		{C4131FE5-69DC-42A3-A80D-90959C52513D}.AppStore|iPhoneSimulator.ActiveCfg = Release|Any CPU
		{C4131FE5-69DC-42A3-A80D-90959C52513D}.AppStore|iPhoneSimulator.Build.0 = Release|Any CPU
		{C4131FE5-69DC-42A3-A80D-90959C52513D}.AppStore|iPhoneSimulator.Deploy.0 = Release|Any CPU
		{C4131FE5-69DC-42A3-A80D-90959C52513D}.AppStore|x64.ActiveCfg = Release|Any CPU
		{C4131FE5-69DC-42A3-A80D-90959C52513D}.AppStore|x64.Build.0 = Release|Any CPU
		{C4131FE5-69DC-42A3-A80D-90959C52513D}.AppStore|x64.Deploy.0 = Release|Any CPU
		{C4131FE5-69DC-42A3-A80D-90959C52513D}.AppStore|x86.ActiveCfg = Release|x86
		{C4131FE5-69DC-42A3-A80D-90959C52513D}.AppStore|x86.Build.0 = Release|x86
		{C4131FE5-69DC-42A3-A80D-90959C52513D}.AppStore|x86.Deploy.0 = Release|x86
		{C4131FE5-69DC-42A3-A80D-90959C52513D}.Debug|Any CPU.ActiveCfg = Debug|Any CPU
		{C4131FE5-69DC-42A3-A80D-90959C52513D}.Debug|Any CPU.Build.0 = Debug|Any CPU
		{C4131FE5-69DC-42A3-A80D-90959C52513D}.Debug|Any CPU.Deploy.0 = Debug|Any CPU
		{C4131FE5-69DC-42A3-A80D-90959C52513D}.Debug|ARM.ActiveCfg = Debug|ARM
		{C4131FE5-69DC-42A3-A80D-90959C52513D}.Debug|ARM.Build.0 = Debug|ARM
		{C4131FE5-69DC-42A3-A80D-90959C52513D}.Debug|ARM.Deploy.0 = Debug|ARM
		{C4131FE5-69DC-42A3-A80D-90959C52513D}.Debug|iPhone.ActiveCfg = Debug|Any CPU
		{C4131FE5-69DC-42A3-A80D-90959C52513D}.Debug|iPhone.Build.0 = Debug|Any CPU
		{C4131FE5-69DC-42A3-A80D-90959C52513D}.Debug|iPhone.Deploy.0 = Debug|Any CPU
		{C4131FE5-69DC-42A3-A80D-90959C52513D}.Debug|iPhoneSimulator.ActiveCfg = Debug|Any CPU
		{C4131FE5-69DC-42A3-A80D-90959C52513D}.Debug|iPhoneSimulator.Build.0 = Debug|Any CPU
		{C4131FE5-69DC-42A3-A80D-90959C52513D}.Debug|iPhoneSimulator.Deploy.0 = Debug|Any CPU
		{C4131FE5-69DC-42A3-A80D-90959C52513D}.Debug|x64.ActiveCfg = Debug|Any CPU
		{C4131FE5-69DC-42A3-A80D-90959C52513D}.Debug|x64.Build.0 = Debug|Any CPU
		{C4131FE5-69DC-42A3-A80D-90959C52513D}.Debug|x64.Deploy.0 = Debug|Any CPU
		{C4131FE5-69DC-42A3-A80D-90959C52513D}.Debug|x86.ActiveCfg = Debug|x86
		{C4131FE5-69DC-42A3-A80D-90959C52513D}.Debug|x86.Build.0 = Debug|x86
		{C4131FE5-69DC-42A3-A80D-90959C52513D}.Debug|x86.Deploy.0 = Debug|x86
		{C4131FE5-69DC-42A3-A80D-90959C52513D}.Release|Any CPU.ActiveCfg = Release|Any CPU
		{C4131FE5-69DC-42A3-A80D-90959C52513D}.Release|Any CPU.Build.0 = Release|Any CPU
		{C4131FE5-69DC-42A3-A80D-90959C52513D}.Release|Any CPU.Deploy.0 = Release|Any CPU
		{C4131FE5-69DC-42A3-A80D-90959C52513D}.Release|ARM.ActiveCfg = Release|ARM
		{C4131FE5-69DC-42A3-A80D-90959C52513D}.Release|ARM.Build.0 = Release|ARM
		{C4131FE5-69DC-42A3-A80D-90959C52513D}.Release|ARM.Deploy.0 = Release|ARM
		{C4131FE5-69DC-42A3-A80D-90959C52513D}.Release|iPhone.ActiveCfg = Release|Any CPU
		{C4131FE5-69DC-42A3-A80D-90959C52513D}.Release|iPhone.Build.0 = Release|Any CPU
		{C4131FE5-69DC-42A3-A80D-90959C52513D}.Release|iPhone.Deploy.0 = Release|Any CPU
		{C4131FE5-69DC-42A3-A80D-90959C52513D}.Release|iPhoneSimulator.ActiveCfg = Release|Any CPU
		{C4131FE5-69DC-42A3-A80D-90959C52513D}.Release|iPhoneSimulator.Build.0 = Release|Any CPU
		{C4131FE5-69DC-42A3-A80D-90959C52513D}.Release|iPhoneSimulator.Deploy.0 = Release|Any CPU
		{C4131FE5-69DC-42A3-A80D-90959C52513D}.Release|x64.ActiveCfg = Release|Any CPU
		{C4131FE5-69DC-42A3-A80D-90959C52513D}.Release|x64.Build.0 = Release|Any CPU
		{C4131FE5-69DC-42A3-A80D-90959C52513D}.Release|x64.Deploy.0 = Release|Any CPU
		{C4131FE5-69DC-42A3-A80D-90959C52513D}.Release|x86.ActiveCfg = Release|x86
		{C4131FE5-69DC-42A3-A80D-90959C52513D}.Release|x86.Build.0 = Release|x86
		{C4131FE5-69DC-42A3-A80D-90959C52513D}.Release|x86.Deploy.0 = Release|x86
		{969BA182-4DF1-4DE3-BCEE-0CD974CFF9B4}.Ad-Hoc|Any CPU.ActiveCfg = Release|Any CPU
		{969BA182-4DF1-4DE3-BCEE-0CD974CFF9B4}.Ad-Hoc|Any CPU.Build.0 = Release|Any CPU
		{969BA182-4DF1-4DE3-BCEE-0CD974CFF9B4}.Ad-Hoc|Any CPU.Deploy.0 = Release|Any CPU
		{969BA182-4DF1-4DE3-BCEE-0CD974CFF9B4}.Ad-Hoc|ARM.ActiveCfg = Release|ARM
		{969BA182-4DF1-4DE3-BCEE-0CD974CFF9B4}.Ad-Hoc|ARM.Build.0 = Release|ARM
		{969BA182-4DF1-4DE3-BCEE-0CD974CFF9B4}.Ad-Hoc|ARM.Deploy.0 = Release|ARM
		{969BA182-4DF1-4DE3-BCEE-0CD974CFF9B4}.Ad-Hoc|iPhone.ActiveCfg = Release|Any CPU
		{969BA182-4DF1-4DE3-BCEE-0CD974CFF9B4}.Ad-Hoc|iPhone.Build.0 = Release|Any CPU
		{969BA182-4DF1-4DE3-BCEE-0CD974CFF9B4}.Ad-Hoc|iPhone.Deploy.0 = Release|Any CPU
		{969BA182-4DF1-4DE3-BCEE-0CD974CFF9B4}.Ad-Hoc|iPhoneSimulator.ActiveCfg = Release|Any CPU
		{969BA182-4DF1-4DE3-BCEE-0CD974CFF9B4}.Ad-Hoc|iPhoneSimulator.Build.0 = Release|Any CPU
		{969BA182-4DF1-4DE3-BCEE-0CD974CFF9B4}.Ad-Hoc|iPhoneSimulator.Deploy.0 = Release|Any CPU
		{969BA182-4DF1-4DE3-BCEE-0CD974CFF9B4}.Ad-Hoc|x64.ActiveCfg = Release|x64
		{969BA182-4DF1-4DE3-BCEE-0CD974CFF9B4}.Ad-Hoc|x64.Build.0 = Release|x64
		{969BA182-4DF1-4DE3-BCEE-0CD974CFF9B4}.Ad-Hoc|x64.Deploy.0 = Release|x64
		{969BA182-4DF1-4DE3-BCEE-0CD974CFF9B4}.Ad-Hoc|x86.ActiveCfg = Release|x86
		{969BA182-4DF1-4DE3-BCEE-0CD974CFF9B4}.Ad-Hoc|x86.Build.0 = Release|x86
		{969BA182-4DF1-4DE3-BCEE-0CD974CFF9B4}.Ad-Hoc|x86.Deploy.0 = Release|x86
		{969BA182-4DF1-4DE3-BCEE-0CD974CFF9B4}.AppStore|Any CPU.ActiveCfg = Release|Any CPU
		{969BA182-4DF1-4DE3-BCEE-0CD974CFF9B4}.AppStore|Any CPU.Build.0 = Release|Any CPU
		{969BA182-4DF1-4DE3-BCEE-0CD974CFF9B4}.AppStore|Any CPU.Deploy.0 = Release|Any CPU
		{969BA182-4DF1-4DE3-BCEE-0CD974CFF9B4}.AppStore|ARM.ActiveCfg = Release|ARM
		{969BA182-4DF1-4DE3-BCEE-0CD974CFF9B4}.AppStore|ARM.Build.0 = Release|ARM
		{969BA182-4DF1-4DE3-BCEE-0CD974CFF9B4}.AppStore|ARM.Deploy.0 = Release|ARM
		{969BA182-4DF1-4DE3-BCEE-0CD974CFF9B4}.AppStore|iPhone.ActiveCfg = Release|Any CPU
		{969BA182-4DF1-4DE3-BCEE-0CD974CFF9B4}.AppStore|iPhone.Build.0 = Release|Any CPU
		{969BA182-4DF1-4DE3-BCEE-0CD974CFF9B4}.AppStore|iPhone.Deploy.0 = Release|Any CPU
		{969BA182-4DF1-4DE3-BCEE-0CD974CFF9B4}.AppStore|iPhoneSimulator.ActiveCfg = Release|Any CPU
		{969BA182-4DF1-4DE3-BCEE-0CD974CFF9B4}.AppStore|iPhoneSimulator.Build.0 = Release|Any CPU
		{969BA182-4DF1-4DE3-BCEE-0CD974CFF9B4}.AppStore|iPhoneSimulator.Deploy.0 = Release|Any CPU
		{969BA182-4DF1-4DE3-BCEE-0CD974CFF9B4}.AppStore|x64.ActiveCfg = Release|x64
		{969BA182-4DF1-4DE3-BCEE-0CD974CFF9B4}.AppStore|x64.Build.0 = Release|x64
		{969BA182-4DF1-4DE3-BCEE-0CD974CFF9B4}.AppStore|x64.Deploy.0 = Release|x64
		{969BA182-4DF1-4DE3-BCEE-0CD974CFF9B4}.AppStore|x86.ActiveCfg = Release|x86
		{969BA182-4DF1-4DE3-BCEE-0CD974CFF9B4}.AppStore|x86.Build.0 = Release|x86
		{969BA182-4DF1-4DE3-BCEE-0CD974CFF9B4}.AppStore|x86.Deploy.0 = Release|x86
		{969BA182-4DF1-4DE3-BCEE-0CD974CFF9B4}.Debug|Any CPU.ActiveCfg = Debug|Any CPU
		{969BA182-4DF1-4DE3-BCEE-0CD974CFF9B4}.Debug|Any CPU.Build.0 = Debug|Any CPU
		{969BA182-4DF1-4DE3-BCEE-0CD974CFF9B4}.Debug|Any CPU.Deploy.0 = Debug|Any CPU
		{969BA182-4DF1-4DE3-BCEE-0CD974CFF9B4}.Debug|ARM.ActiveCfg = Debug|ARM
		{969BA182-4DF1-4DE3-BCEE-0CD974CFF9B4}.Debug|ARM.Build.0 = Debug|ARM
		{969BA182-4DF1-4DE3-BCEE-0CD974CFF9B4}.Debug|ARM.Deploy.0 = Debug|ARM
		{969BA182-4DF1-4DE3-BCEE-0CD974CFF9B4}.Debug|iPhone.ActiveCfg = Debug|Any CPU
		{969BA182-4DF1-4DE3-BCEE-0CD974CFF9B4}.Debug|iPhone.Build.0 = Debug|Any CPU
		{969BA182-4DF1-4DE3-BCEE-0CD974CFF9B4}.Debug|iPhone.Deploy.0 = Debug|Any CPU
		{969BA182-4DF1-4DE3-BCEE-0CD974CFF9B4}.Debug|iPhoneSimulator.ActiveCfg = Debug|Any CPU
		{969BA182-4DF1-4DE3-BCEE-0CD974CFF9B4}.Debug|iPhoneSimulator.Build.0 = Debug|Any CPU
		{969BA182-4DF1-4DE3-BCEE-0CD974CFF9B4}.Debug|iPhoneSimulator.Deploy.0 = Debug|Any CPU
		{969BA182-4DF1-4DE3-BCEE-0CD974CFF9B4}.Debug|x64.ActiveCfg = Debug|x64
		{969BA182-4DF1-4DE3-BCEE-0CD974CFF9B4}.Debug|x64.Build.0 = Debug|x64
		{969BA182-4DF1-4DE3-BCEE-0CD974CFF9B4}.Debug|x64.Deploy.0 = Debug|x64
		{969BA182-4DF1-4DE3-BCEE-0CD974CFF9B4}.Debug|x86.ActiveCfg = Debug|x86
		{969BA182-4DF1-4DE3-BCEE-0CD974CFF9B4}.Debug|x86.Build.0 = Debug|x86
		{969BA182-4DF1-4DE3-BCEE-0CD974CFF9B4}.Debug|x86.Deploy.0 = Debug|x86
		{969BA182-4DF1-4DE3-BCEE-0CD974CFF9B4}.Release|Any CPU.ActiveCfg = Release|Any CPU
		{969BA182-4DF1-4DE3-BCEE-0CD974CFF9B4}.Release|Any CPU.Build.0 = Release|Any CPU
		{969BA182-4DF1-4DE3-BCEE-0CD974CFF9B4}.Release|Any CPU.Deploy.0 = Release|Any CPU
		{969BA182-4DF1-4DE3-BCEE-0CD974CFF9B4}.Release|ARM.ActiveCfg = Release|ARM
		{969BA182-4DF1-4DE3-BCEE-0CD974CFF9B4}.Release|ARM.Build.0 = Release|ARM
		{969BA182-4DF1-4DE3-BCEE-0CD974CFF9B4}.Release|ARM.Deploy.0 = Release|ARM
		{969BA182-4DF1-4DE3-BCEE-0CD974CFF9B4}.Release|iPhone.ActiveCfg = Release|Any CPU
		{969BA182-4DF1-4DE3-BCEE-0CD974CFF9B4}.Release|iPhone.Build.0 = Release|Any CPU
		{969BA182-4DF1-4DE3-BCEE-0CD974CFF9B4}.Release|iPhone.Deploy.0 = Release|Any CPU
		{969BA182-4DF1-4DE3-BCEE-0CD974CFF9B4}.Release|iPhoneSimulator.ActiveCfg = Release|Any CPU
		{969BA182-4DF1-4DE3-BCEE-0CD974CFF9B4}.Release|iPhoneSimulator.Build.0 = Release|Any CPU
		{969BA182-4DF1-4DE3-BCEE-0CD974CFF9B4}.Release|iPhoneSimulator.Deploy.0 = Release|Any CPU
		{969BA182-4DF1-4DE3-BCEE-0CD974CFF9B4}.Release|x64.ActiveCfg = Release|x64
		{969BA182-4DF1-4DE3-BCEE-0CD974CFF9B4}.Release|x64.Build.0 = Release|x64
		{969BA182-4DF1-4DE3-BCEE-0CD974CFF9B4}.Release|x64.Deploy.0 = Release|x64
		{969BA182-4DF1-4DE3-BCEE-0CD974CFF9B4}.Release|x86.ActiveCfg = Release|x86
		{969BA182-4DF1-4DE3-BCEE-0CD974CFF9B4}.Release|x86.Build.0 = Release|x86
		{969BA182-4DF1-4DE3-BCEE-0CD974CFF9B4}.Release|x86.Deploy.0 = Release|x86
	EndGlobalSection
	GlobalSection(SolutionProperties) = preSolution
		HideSolutionNode = FALSE
	EndGlobalSection
EndGlobal
